
Microsoft Visual Studio Solution File, Format Version 12.00
# Visual Studio Version 17
VisualStudioVersion = 17.3.32825.248
MinimumVisualStudioVersion = 10.0.40219.1
Project("{FAE04EC0-301F-11D3-BF4B-00C04F79EFBC}") = "Switch", "Switch.csproj", "{6341F450-D95D-41BE-8309-88BBE1F9AA75}"
EndProject
Global
	GlobalSection(SolutionConfigurationPlatforms) = preSolution
		Debug|Any CPU = Debug|Any CPU
		Release|Any CPU = Release|Any CPU
	EndGlobalSection
	GlobalSection(ProjectConfigurationPlatforms) = postSolution
		{6341F450-D95D-41BE-8309-88BBE1F9AA75}.Debug|Any CPU.ActiveCfg = Debug|Any CPU
		{6341F450-D95D-41BE-8309-88BBE1F9AA75}.Debug|Any CPU.Build.0 = Debug|Any CPU
		{6341F450-D95D-41BE-8309-88BBE1F9AA75}.Release|Any CPU.ActiveCfg = Release|Any CPU
		{6341F450-D95D-41BE-8309-88BBE1F9AA75}.Release|Any CPU.Build.0 = Release|Any CPU
	EndGlobalSection
	GlobalSection(SolutionProperties) = preSolution
		HideSolutionNode = FALSE
	EndGlobalSection
	GlobalSection(ExtensibilityGlobals) = postSolution
		SolutionGuid = {03501DF4-63AE-4BD8-876F-06C6A4711A05}
	EndGlobalSection
EndGlobal
